# This file is generated by gogradle automatically, you should NEVER modify it manually.
---
apiVersion: "0.10"
dependencies:
  build:
  - urls:
    - "https://github.com/go-zoo/bone.git"
    - "git@github.com:go-zoo/bone.git"
    vcs: "git"
    name: "github.com/go-zoo/bone"
    commit: "fd0aebc74e908868b09ac140fb5a53cb363884c1"
    transitive: false
  - urls:
    - "https://github.com/gorilla/context.git"
    - "git@github.com:gorilla/context.git"
    vcs: "git"
    name: "github.com/gorilla/context"
    commit: "08b5f424b9271eedf6f9f0ce86cb9396ed337a42"
    transitive: false
  - urls:
    - "https://github.com/gorilla/mux.git"
    - "git@github.com:gorilla/mux.git"
    vcs: "git"
    name: "github.com/gorilla/mux"
    commit: "cb4698366aa625048f3b815af6a0dea8aef9280a"
    transitive: false
  - urls:
    - "https://github.com/jinzhu/now.git"
    - "git@github.com:jinzhu/now.git"
    vcs: "git"
    name: "github.com/jinzhu/now"
    commit: "ed742868f2aebdb1c0c437bf4f7257f88834b66f"
    transitive: false
  - urls:
    - "https://github.com/julienschmidt/httprouter.git"
    - "git@github.com:julienschmidt/httprouter.git"
    vcs: "git"
    name: "github.com/julienschmidt/httprouter"
    commit: "348b672cd90d8190f8240323e372ecd1e66b59dc"
    transitive: false
  test: []
